
Microsoft Visual Studio Solution File, Format Version 12.00
# Visual Studio Version 17
VisualStudioVersion = 17.6.33723.286
MinimumVisualStudioVersion = 10.0.40219.1
Project("{9A19103F-16F7-4668-BE54-9A1E7A4F7556}") = "Wyzwanie21dn", "ConsoleApp1\Wyzwanie21dn.csproj", "{5ED05069-4BF2-4DF9-8CA7-A5FFF9DE3574}"
EndProject
Project("{9A19103F-16F7-4668-BE54-9A1E7A4F7556}") = "Testsss", "TestZmianyh\Testsss.csproj", "{151B3167-5CF9-4B05-A884-9BFCB6788A42}"
	ProjectSection(ProjectDependencies) = postProject
		{5ED05069-4BF2-4DF9-8CA7-A5FFF9DE3574} = {5ED05069-4BF2-4DF9-8CA7-A5FFF9DE3574}
	EndProjectSection
EndProject
Global
	GlobalSection(SolutionConfigurationPlatforms) = preSolution
		Debug|Any CPU = Debug|Any CPU
		Release|Any CPU = Release|Any CPU
	EndGlobalSection
	GlobalSection(ProjectConfigurationPlatforms) = postSolution
		{5ED05069-4BF2-4DF9-8CA7-A5FFF9DE3574}.Debug|Any CPU.ActiveCfg = Debug|Any CPU
		{5ED05069-4BF2-4DF9-8CA7-A5FFF9DE3574}.Debug|Any CPU.Build.0 = Debug|Any CPU
		{5ED05069-4BF2-4DF9-8CA7-A5FFF9DE3574}.Release|Any CPU.ActiveCfg = Release|Any CPU
		{5ED05069-4BF2-4DF9-8CA7-A5FFF9DE3574}.Release|Any CPU.Build.0 = Release|Any CPU
		{151B3167-5CF9-4B05-A884-9BFCB6788A42}.Debug|Any CPU.ActiveCfg = Debug|Any CPU
		{151B3167-5CF9-4B05-A884-9BFCB6788A42}.Debug|Any CPU.Build.0 = Debug|Any CPU
		{151B3167-5CF9-4B05-A884-9BFCB6788A42}.Release|Any CPU.ActiveCfg = Release|Any CPU
		{151B3167-5CF9-4B05-A884-9BFCB6788A42}.Release|Any CPU.Build.0 = Release|Any CPU
	EndGlobalSection
	GlobalSection(SolutionProperties) = preSolution
		HideSolutionNode = FALSE
	EndGlobalSection
	GlobalSection(ExtensibilityGlobals) = postSolution
		SolutionGuid = {D39362D2-1259-42BC-9B8A-AC481B3F899B}
	EndGlobalSection
EndGlobal
